
Microsoft Visual Studio Solution File, Format Version 12.00
# Visual Studio Version 17
VisualStudioVersion = 17.0.32112.339
MinimumVisualStudioVersion = 10.0.40219.1
Project("{9A19103F-16F7-4668-BE54-9A1E7A4F7556}") = "ApiTemplate", "ApiTemplate\ApiTemplate.csproj", "{7A65D73F-8214-4E81-BD7E-179B1B12C7E4}"
EndProject
Project("{FAE04EC0-301F-11D3-BF4B-00C04F79EFBC}") = "ModelsDB", "ModelsDB\ModelsDB.csproj", "{3A9B70C2-FC45-460E-9176-9DF1F7F7BA5C}"
EndProject
Global
	GlobalSection(SolutionConfigurationPlatforms) = preSolution
		Debug|Any CPU = Debug|Any CPU
		Release|Any CPU = Release|Any CPU
	EndGlobalSection
	GlobalSection(ProjectConfigurationPlatforms) = postSolution
		{7A65D73F-8214-4E81-BD7E-179B1B12C7E4}.Debug|Any CPU.ActiveCfg = Debug|Any CPU
		{7A65D73F-8214-4E81-BD7E-179B1B12C7E4}.Debug|Any CPU.Build.0 = Debug|Any CPU
		{7A65D73F-8214-4E81-BD7E-179B1B12C7E4}.Release|Any CPU.ActiveCfg = Release|Any CPU
		{7A65D73F-8214-4E81-BD7E-179B1B12C7E4}.Release|Any CPU.Build.0 = Release|Any CPU
		{3A9B70C2-FC45-460E-9176-9DF1F7F7BA5C}.Debug|Any CPU.ActiveCfg = Debug|Any CPU
		{3A9B70C2-FC45-460E-9176-9DF1F7F7BA5C}.Debug|Any CPU.Build.0 = Debug|Any CPU
		{3A9B70C2-FC45-460E-9176-9DF1F7F7BA5C}.Release|Any CPU.ActiveCfg = Release|Any CPU
		{3A9B70C2-FC45-460E-9176-9DF1F7F7BA5C}.Release|Any CPU.Build.0 = Release|Any CPU
	EndGlobalSection
	GlobalSection(SolutionProperties) = preSolution
		HideSolutionNode = FALSE
	EndGlobalSection
	GlobalSection(ExtensibilityGlobals) = postSolution
		SolutionGuid = {BA295F44-66E5-4FCE-91F8-A37906BAF236}
	EndGlobalSection
EndGlobal
