
Microsoft Visual Studio Solution File, Format Version 12.00
# Visual Studio Version 17
VisualStudioVersion = 17.0.32112.339
MinimumVisualStudioVersion = 10.0.40219.1
Project("{FAE04EC0-301F-11D3-BF4B-00C04F79EFBC}") = "ServicesEF", "ServicesEF\ServicesEF.csproj", "{E63C1153-C8E1-48A3-9424-9A78B43A056E}"
EndProject
Project("{FAE04EC0-301F-11D3-BF4B-00C04F79EFBC}") = "ServicesQuerys", "ServicesQuerys\ServicesQuerys.csproj", "{15FEE50A-DB1A-4131-A2CE-49C2CAF86D85}"
EndProject
Project("{FAE04EC0-301F-11D3-BF4B-00C04F79EFBC}") = "ApiEF", "ApiEF\ApiEF.csproj", "{1C42440F-FAD4-4E94-B270-83A2DF1A54D8}"
EndProject
Project("{FAE04EC0-301F-11D3-BF4B-00C04F79EFBC}") = "ApiQuerys", "ApiQuerys\ApiQuerys.csproj", "{F715007D-AFA4-4051-BF47-EE83B177EC60}"
EndProject
Global
	GlobalSection(SolutionConfigurationPlatforms) = preSolution
		Debug|Any CPU = Debug|Any CPU
		Release|Any CPU = Release|Any CPU
	EndGlobalSection
	GlobalSection(ProjectConfigurationPlatforms) = postSolution
		{E63C1153-C8E1-48A3-9424-9A78B43A056E}.Debug|Any CPU.ActiveCfg = Debug|Any CPU
		{E63C1153-C8E1-48A3-9424-9A78B43A056E}.Debug|Any CPU.Build.0 = Debug|Any CPU
		{E63C1153-C8E1-48A3-9424-9A78B43A056E}.Release|Any CPU.ActiveCfg = Release|Any CPU
		{E63C1153-C8E1-48A3-9424-9A78B43A056E}.Release|Any CPU.Build.0 = Release|Any CPU
		{15FEE50A-DB1A-4131-A2CE-49C2CAF86D85}.Debug|Any CPU.ActiveCfg = Debug|Any CPU
		{15FEE50A-DB1A-4131-A2CE-49C2CAF86D85}.Debug|Any CPU.Build.0 = Debug|Any CPU
		{15FEE50A-DB1A-4131-A2CE-49C2CAF86D85}.Release|Any CPU.ActiveCfg = Release|Any CPU
		{15FEE50A-DB1A-4131-A2CE-49C2CAF86D85}.Release|Any CPU.Build.0 = Release|Any CPU
		{1C42440F-FAD4-4E94-B270-83A2DF1A54D8}.Debug|Any CPU.ActiveCfg = Debug|Any CPU
		{1C42440F-FAD4-4E94-B270-83A2DF1A54D8}.Debug|Any CPU.Build.0 = Debug|Any CPU
		{1C42440F-FAD4-4E94-B270-83A2DF1A54D8}.Release|Any CPU.ActiveCfg = Release|Any CPU
		{1C42440F-FAD4-4E94-B270-83A2DF1A54D8}.Release|Any CPU.Build.0 = Release|Any CPU
		{F715007D-AFA4-4051-BF47-EE83B177EC60}.Debug|Any CPU.ActiveCfg = Debug|Any CPU
		{F715007D-AFA4-4051-BF47-EE83B177EC60}.Debug|Any CPU.Build.0 = Debug|Any CPU
		{F715007D-AFA4-4051-BF47-EE83B177EC60}.Release|Any CPU.ActiveCfg = Release|Any CPU
		{F715007D-AFA4-4051-BF47-EE83B177EC60}.Release|Any CPU.Build.0 = Release|Any CPU
	EndGlobalSection
	GlobalSection(SolutionProperties) = preSolution
		HideSolutionNode = FALSE
	EndGlobalSection
	GlobalSection(ExtensibilityGlobals) = postSolution
		SolutionGuid = {40646850-8F05-45E6-8D47-1A70EEA435FE}
	EndGlobalSection
EndGlobal
